
Microsoft Visual Studio Solution File, Format Version 12.00
# Visual Studio Version 17
VisualStudioVersion = 17.14.36301.6 d17.14
MinimumVisualStudioVersion = 10.0.40219.1
Project("{888888A0-9F3D-457C-B088-3A5042F75D52}") = "TpIntegradorProgramacion", "TpIntegradorProgramacion.pyproj", "{A81E78B5-2226-48B6-BD3D-96F9C377AFC3}"
EndProject
Global
	GlobalSection(SolutionConfigurationPlatforms) = preSolution
		Debug|Any CPU = Debug|Any CPU
		Release|Any CPU = Release|Any CPU
	EndGlobalSection
	GlobalSection(ProjectConfigurationPlatforms) = postSolution
		{A81E78B5-2226-48B6-BD3D-96F9C377AFC3}.Debug|Any CPU.ActiveCfg = Debug|Any CPU
		{A81E78B5-2226-48B6-BD3D-96F9C377AFC3}.Release|Any CPU.ActiveCfg = Release|Any CPU
	EndGlobalSection
	GlobalSection(SolutionProperties) = preSolution
		HideSolutionNode = FALSE
	EndGlobalSection
	GlobalSection(ExtensibilityGlobals) = postSolution
		SolutionGuid = {10E7602F-1D47-41E2-9AC7-9A2252BD81DC}
	EndGlobalSection
EndGlobal
